
Microsoft Visual Studio Solution File, Format Version 12.00
# Visual Studio Version 16
VisualStudioVersion = 16.0.31729.503
MinimumVisualStudioVersion = 10.0.40219.1
Project("{8BC9CEB8-8B4A-11D0-8D11-00A0C91BC942}") = "TestingWorkspace", "TestingWorkspace\TestingWorkspace.vcxproj", "{C5237232-9554-40AD-AB60-B2E23F7F162A}"
EndProject
Global
	GlobalSection(SolutionConfigurationPlatforms) = preSolution
		Debug|x64 = Debug|x64
		Debug|x86 = Debug|x86
		Release|x64 = Release|x64
		Release|x86 = Release|x86
	EndGlobalSection
	GlobalSection(ProjectConfigurationPlatforms) = postSolution
		{C5237232-9554-40AD-AB60-B2E23F7F162A}.Debug|x64.ActiveCfg = Debug|x64
		{C5237232-9554-40AD-AB60-B2E23F7F162A}.Debug|x64.Build.0 = Debug|x64
		{C5237232-9554-40AD-AB60-B2E23F7F162A}.Debug|x86.ActiveCfg = Debug|Win32
		{C5237232-9554-40AD-AB60-B2E23F7F162A}.Debug|x86.Build.0 = Debug|Win32
		{C5237232-9554-40AD-AB60-B2E23F7F162A}.Release|x64.ActiveCfg = Release|x64
		{C5237232-9554-40AD-AB60-B2E23F7F162A}.Release|x64.Build.0 = Release|x64
		{C5237232-9554-40AD-AB60-B2E23F7F162A}.Release|x86.ActiveCfg = Release|Win32
		{C5237232-9554-40AD-AB60-B2E23F7F162A}.Release|x86.Build.0 = Release|Win32
	EndGlobalSection
	GlobalSection(SolutionProperties) = preSolution
		HideSolutionNode = FALSE
	EndGlobalSection
	GlobalSection(ExtensibilityGlobals) = postSolution
		SolutionGuid = {7707D179-0A5F-43D7-BF10-065AC77A43D4}
	EndGlobalSection
EndGlobal
